
Microsoft Visual Studio Solution File, Format Version 12.00
# Visual Studio Version 17
VisualStudioVersion = 17.0.31903.59
MinimumVisualStudioVersion = 10.0.40219.1
Project("{FAE04EC0-301F-11D3-BF4B-00C04F79EFBC}") = "SportsStore", "SportsStore\SportsStore.csproj", "{6473A1D8-8A81-4B9C-A825-C717314FF4E5}"
EndProject
Project("{FAE04EC0-301F-11D3-BF4B-00C04F79EFBC}") = "SportsStore.Tests", "SportsStore.Tests\SportsStore.Tests.csproj", "{5638F705-12DB-4AFC-B9EC-7476F74724E5}"
EndProject
Global
	GlobalSection(SolutionConfigurationPlatforms) = preSolution
		Debug|Any CPU = Debug|Any CPU
		Release|Any CPU = Release|Any CPU
	EndGlobalSection
	GlobalSection(SolutionProperties) = preSolution
		HideSolutionNode = FALSE
	EndGlobalSection
	GlobalSection(ProjectConfigurationPlatforms) = postSolution
		{6473A1D8-8A81-4B9C-A825-C717314FF4E5}.Debug|Any CPU.ActiveCfg = Debug|Any CPU
		{6473A1D8-8A81-4B9C-A825-C717314FF4E5}.Debug|Any CPU.Build.0 = Debug|Any CPU
		{6473A1D8-8A81-4B9C-A825-C717314FF4E5}.Release|Any CPU.ActiveCfg = Release|Any CPU
		{6473A1D8-8A81-4B9C-A825-C717314FF4E5}.Release|Any CPU.Build.0 = Release|Any CPU
		{5638F705-12DB-4AFC-B9EC-7476F74724E5}.Debug|Any CPU.ActiveCfg = Debug|Any CPU
		{5638F705-12DB-4AFC-B9EC-7476F74724E5}.Debug|Any CPU.Build.0 = Debug|Any CPU
		{5638F705-12DB-4AFC-B9EC-7476F74724E5}.Release|Any CPU.ActiveCfg = Release|Any CPU
		{5638F705-12DB-4AFC-B9EC-7476F74724E5}.Release|Any CPU.Build.0 = Release|Any CPU
	EndGlobalSection
EndGlobal
